
Microsoft Visual Studio Solution File, Format Version 12.00
# Visual Studio 15
VisualStudioVersion = 15.0.28307.645
MinimumVisualStudioVersion = 10.0.40219.1
Project("{FAE04EC0-301F-11D3-BF4B-00C04F79EFBC}") = "TRPO_lab_GIT", "TRPO_lab_GIT\TRPO_lab_GIT.csproj", "{8E771804-91FC-46CD-B078-78E0CC2674D4}"
EndProject
Global
	GlobalSection(SolutionConfigurationPlatforms) = preSolution
		Debug|Any CPU = Debug|Any CPU
		Release|Any CPU = Release|Any CPU
	EndGlobalSection
	GlobalSection(ProjectConfigurationPlatforms) = postSolution
		{8E771804-91FC-46CD-B078-78E0CC2674D4}.Debug|Any CPU.ActiveCfg = Debug|Any CPU
		{8E771804-91FC-46CD-B078-78E0CC2674D4}.Debug|Any CPU.Build.0 = Debug|Any CPU
		{8E771804-91FC-46CD-B078-78E0CC2674D4}.Release|Any CPU.ActiveCfg = Release|Any CPU
		{8E771804-91FC-46CD-B078-78E0CC2674D4}.Release|Any CPU.Build.0 = Release|Any CPU
	EndGlobalSection
	GlobalSection(SolutionProperties) = preSolution
		HideSolutionNode = FALSE
	EndGlobalSection
	GlobalSection(ExtensibilityGlobals) = postSolution
		SolutionGuid = {23A976C7-B2F4-497C-8E83-546F494F136D}
	EndGlobalSection
EndGlobal
